
Microsoft Visual Studio Solution File, Format Version 12.00
# Visual Studio Version 16
VisualStudioVersion = 16.0.33529.622
MinimumVisualStudioVersion = 10.0.40219.1
Project("{FAE04EC0-301F-11D3-BF4B-00C04F79EFBC}") = "ejercicio_1", "guia_6\ejercicio_1.csproj", "{6CDB857B-002C-46D9-A887-4382DD0BEA94}"
EndProject
Project("{FAE04EC0-301F-11D3-BF4B-00C04F79EFBC}") = "ejercicio_2", "ejercicio_2\ejercicio_2.csproj", "{9D0C2AD4-13DD-46FD-B4B8-AABFA1D3FC5C}"
EndProject
Project("{FAE04EC0-301F-11D3-BF4B-00C04F79EFBC}") = "ejercicio_3", "ejercicio_3\ejercicio_3.csproj", "{7B862665-887B-4246-9E46-5E8B1F07C040}"
EndProject
Global
	GlobalSection(SolutionConfigurationPlatforms) = preSolution
		Debug|Any CPU = Debug|Any CPU
		Release|Any CPU = Release|Any CPU
	EndGlobalSection
	GlobalSection(ProjectConfigurationPlatforms) = postSolution
		{6CDB857B-002C-46D9-A887-4382DD0BEA94}.Debug|Any CPU.ActiveCfg = Debug|Any CPU
		{6CDB857B-002C-46D9-A887-4382DD0BEA94}.Debug|Any CPU.Build.0 = Debug|Any CPU
		{6CDB857B-002C-46D9-A887-4382DD0BEA94}.Release|Any CPU.ActiveCfg = Release|Any CPU
		{6CDB857B-002C-46D9-A887-4382DD0BEA94}.Release|Any CPU.Build.0 = Release|Any CPU
		{9D0C2AD4-13DD-46FD-B4B8-AABFA1D3FC5C}.Debug|Any CPU.ActiveCfg = Debug|Any CPU
		{9D0C2AD4-13DD-46FD-B4B8-AABFA1D3FC5C}.Debug|Any CPU.Build.0 = Debug|Any CPU
		{9D0C2AD4-13DD-46FD-B4B8-AABFA1D3FC5C}.Release|Any CPU.ActiveCfg = Release|Any CPU
		{9D0C2AD4-13DD-46FD-B4B8-AABFA1D3FC5C}.Release|Any CPU.Build.0 = Release|Any CPU
		{7B862665-887B-4246-9E46-5E8B1F07C040}.Debug|Any CPU.ActiveCfg = Debug|Any CPU
		{7B862665-887B-4246-9E46-5E8B1F07C040}.Debug|Any CPU.Build.0 = Debug|Any CPU
		{7B862665-887B-4246-9E46-5E8B1F07C040}.Release|Any CPU.ActiveCfg = Release|Any CPU
		{7B862665-887B-4246-9E46-5E8B1F07C040}.Release|Any CPU.Build.0 = Release|Any CPU
	EndGlobalSection
	GlobalSection(SolutionProperties) = preSolution
		HideSolutionNode = FALSE
	EndGlobalSection
	GlobalSection(ExtensibilityGlobals) = postSolution
		SolutionGuid = {50372C81-4294-4ABE-A99A-31F7590E2D69}
	EndGlobalSection
EndGlobal
